
Microsoft Visual Studio Solution File, Format Version 12.00
# Visual Studio Version 17
VisualStudioVersion = 17.4.33213.308
MinimumVisualStudioVersion = 10.0.40219.1
Project("{FAE04EC0-301F-11D3-BF4B-00C04F79EFBC}") = "Practice1", "Practice1\Practice1.csproj", "{95383CF8-88C1-4102-81DD-2B195B1FE870}"
EndProject
Global
	GlobalSection(SolutionConfigurationPlatforms) = preSolution
		Debug|Any CPU = Debug|Any CPU
		Release|Any CPU = Release|Any CPU
	EndGlobalSection
	GlobalSection(ProjectConfigurationPlatforms) = postSolution
		{95383CF8-88C1-4102-81DD-2B195B1FE870}.Debug|Any CPU.ActiveCfg = Debug|Any CPU
		{95383CF8-88C1-4102-81DD-2B195B1FE870}.Debug|Any CPU.Build.0 = Debug|Any CPU
		{95383CF8-88C1-4102-81DD-2B195B1FE870}.Release|Any CPU.ActiveCfg = Release|Any CPU
		{95383CF8-88C1-4102-81DD-2B195B1FE870}.Release|Any CPU.Build.0 = Release|Any CPU
	EndGlobalSection
	GlobalSection(SolutionProperties) = preSolution
		HideSolutionNode = FALSE
	EndGlobalSection
	GlobalSection(ExtensibilityGlobals) = postSolution
		SolutionGuid = {0E6CF817-F3BD-462E-8E70-027658BEE68F}
	EndGlobalSection
EndGlobal
